
Microsoft Visual Studio Solution File, Format Version 12.00
# Visual Studio Version 17
VisualStudioVersion = 17.9.34616.47
MinimumVisualStudioVersion = 10.0.40219.1
Project("{FAE04EC0-301F-11D3-BF4B-00C04F79EFBC}") = "MyAuthenticator.FramworkLibrary", "MyAuthenticator.FramworkLibrary\MyAuthenticator.FramworkLibrary.csproj", "{D35CA0D4-44F3-4D5B-AB21-A7CBA233CF2E}"
EndProject
Project("{FAE04EC0-301F-11D3-BF4B-00C04F79EFBC}") = "MyAuthenticator.FramworkData", "MyAuthenticator.FramworkData\MyAuthenticator.FramworkData.csproj", "{4C8B4DC2-6E52-4FF6-9CC9-C65D58F34854}"
EndProject
Project("{FAE04EC0-301F-11D3-BF4B-00C04F79EFBC}") = "MyAuthenticator.FramworkApp", "MyAuthenticator.FramworkApp\MyAuthenticator.FramworkApp.csproj", "{E7D229BB-E24C-4181-A9B0-87EC635D6148}"
EndProject
Project("{2150E333-8FDC-42A3-9474-1A3956D46DE8}") = "Solution Items", "Solution Items", "{EF259DBB-17C9-4BB4-9280-A22745B6E90E}"
EndProject
Global
	GlobalSection(SolutionConfigurationPlatforms) = preSolution
		Debug|Any CPU = Debug|Any CPU
		Release|Any CPU = Release|Any CPU
	EndGlobalSection
	GlobalSection(ProjectConfigurationPlatforms) = postSolution
		{D35CA0D4-44F3-4D5B-AB21-A7CBA233CF2E}.Debug|Any CPU.ActiveCfg = Debug|Any CPU
		{D35CA0D4-44F3-4D5B-AB21-A7CBA233CF2E}.Debug|Any CPU.Build.0 = Debug|Any CPU
		{D35CA0D4-44F3-4D5B-AB21-A7CBA233CF2E}.Release|Any CPU.ActiveCfg = Release|Any CPU
		{D35CA0D4-44F3-4D5B-AB21-A7CBA233CF2E}.Release|Any CPU.Build.0 = Release|Any CPU
		{4C8B4DC2-6E52-4FF6-9CC9-C65D58F34854}.Debug|Any CPU.ActiveCfg = Debug|Any CPU
		{4C8B4DC2-6E52-4FF6-9CC9-C65D58F34854}.Debug|Any CPU.Build.0 = Debug|Any CPU
		{4C8B4DC2-6E52-4FF6-9CC9-C65D58F34854}.Release|Any CPU.ActiveCfg = Release|Any CPU
		{4C8B4DC2-6E52-4FF6-9CC9-C65D58F34854}.Release|Any CPU.Build.0 = Release|Any CPU
		{E7D229BB-E24C-4181-A9B0-87EC635D6148}.Debug|Any CPU.ActiveCfg = Debug|Any CPU
		{E7D229BB-E24C-4181-A9B0-87EC635D6148}.Debug|Any CPU.Build.0 = Debug|Any CPU
		{E7D229BB-E24C-4181-A9B0-87EC635D6148}.Release|Any CPU.ActiveCfg = Release|Any CPU
		{E7D229BB-E24C-4181-A9B0-87EC635D6148}.Release|Any CPU.Build.0 = Release|Any CPU
	EndGlobalSection
	GlobalSection(SolutionProperties) = preSolution
		HideSolutionNode = FALSE
	EndGlobalSection
	GlobalSection(ExtensibilityGlobals) = postSolution
		SolutionGuid = {66743752-69E1-4F58-9001-1BF6D63CE76F}
		RESX_NeutralResourcesLanguage = fa-IR
	EndGlobalSection
EndGlobal
